
Microsoft Visual Studio Solution File, Format Version 12.00
# Visual Studio Version 16
VisualStudioVersion = 16.0.30320.27
MinimumVisualStudioVersion = 10.0.40219.1
Project("{9A19103F-16F7-4668-BE54-9A1E7A4F7556}") = "Vls.Abp.Nats", "src\Vls.Abp.Nats\Vls.Abp.Nats.csproj", "{82C3FC27-1098-4683-A20F-C1FD094C25F3}"
EndProject
Project("{9A19103F-16F7-4668-BE54-9A1E7A4F7556}") = "Vls.Abp.EventBus.Nats", "src\Vls.Abp.EventBus.Nats\Vls.Abp.EventBus.Nats.csproj", "{FC37CE76-B88A-414F-A068-DB9EA1607AF5}"
EndProject
Project("{9A19103F-16F7-4668-BE54-9A1E7A4F7556}") = "Vls.Abp.Nats.Client", "src\Vls.Abp.Nats.Client\Vls.Abp.Nats.Client.csproj", "{156C43A2-D314-402F-B9DD-E1BD651BDD29}"
EndProject
Project("{9A19103F-16F7-4668-BE54-9A1E7A4F7556}") = "Vls.Abp.Nats.Hubs", "src\Vls.Abp.Nats.Hubs\Vls.Abp.Nats.Hubs.csproj", "{C117C885-451A-4BDF-A10B-988798C49532}"
EndProject
Project("{2150E333-8FDC-42A3-9474-1A3956D46DE8}") = "Tests", "Tests", "{9D1A7881-00F2-4FFD-9233-441BB8AC98E4}"
EndProject
Project("{9A19103F-16F7-4668-BE54-9A1E7A4F7556}") = "Vls.Abp.Nats.Tests", "test\Vls.Abp.Nats.Tests\Vls.Abp.Nats.Tests.csproj", "{8C5BA80D-E784-41DE-A1E2-C7336E476FEE}"
EndProject
Project("{9A19103F-16F7-4668-BE54-9A1E7A4F7556}") = "Vls.Abp.Nats.TestApp", "Vls.Abp.Nats.TestApp\Vls.Abp.Nats.TestApp.csproj", "{9B3EEE7E-4AB5-4B9A-934C-EED28DFFF6A9}"
EndProject
Project("{9A19103F-16F7-4668-BE54-9A1E7A4F7556}") = "Vls.Abp.Nats.TestApplication", "Vls.Abp.Nats.TestApplication\Vls.Abp.Nats.TestApplication.csproj", "{B93118D4-4D2D-4404-879A-55B0447A9BE4}"
EndProject
Global
	GlobalSection(SolutionConfigurationPlatforms) = preSolution
		Debug|Any CPU = Debug|Any CPU
		Release|Any CPU = Release|Any CPU
	EndGlobalSection
	GlobalSection(ProjectConfigurationPlatforms) = postSolution
		{82C3FC27-1098-4683-A20F-C1FD094C25F3}.Debug|Any CPU.ActiveCfg = Debug|Any CPU
		{82C3FC27-1098-4683-A20F-C1FD094C25F3}.Debug|Any CPU.Build.0 = Debug|Any CPU
		{82C3FC27-1098-4683-A20F-C1FD094C25F3}.Release|Any CPU.ActiveCfg = Release|Any CPU
		{82C3FC27-1098-4683-A20F-C1FD094C25F3}.Release|Any CPU.Build.0 = Release|Any CPU
		{FC37CE76-B88A-414F-A068-DB9EA1607AF5}.Debug|Any CPU.ActiveCfg = Debug|Any CPU
		{FC37CE76-B88A-414F-A068-DB9EA1607AF5}.Debug|Any CPU.Build.0 = Debug|Any CPU
		{FC37CE76-B88A-414F-A068-DB9EA1607AF5}.Release|Any CPU.ActiveCfg = Release|Any CPU
		{FC37CE76-B88A-414F-A068-DB9EA1607AF5}.Release|Any CPU.Build.0 = Release|Any CPU
		{156C43A2-D314-402F-B9DD-E1BD651BDD29}.Debug|Any CPU.ActiveCfg = Debug|Any CPU
		{156C43A2-D314-402F-B9DD-E1BD651BDD29}.Debug|Any CPU.Build.0 = Debug|Any CPU
		{156C43A2-D314-402F-B9DD-E1BD651BDD29}.Release|Any CPU.ActiveCfg = Release|Any CPU
		{156C43A2-D314-402F-B9DD-E1BD651BDD29}.Release|Any CPU.Build.0 = Release|Any CPU
		{C117C885-451A-4BDF-A10B-988798C49532}.Debug|Any CPU.ActiveCfg = Debug|Any CPU
		{C117C885-451A-4BDF-A10B-988798C49532}.Debug|Any CPU.Build.0 = Debug|Any CPU
		{C117C885-451A-4BDF-A10B-988798C49532}.Release|Any CPU.ActiveCfg = Release|Any CPU
		{C117C885-451A-4BDF-A10B-988798C49532}.Release|Any CPU.Build.0 = Release|Any CPU
		{8C5BA80D-E784-41DE-A1E2-C7336E476FEE}.Debug|Any CPU.ActiveCfg = Debug|Any CPU
		{8C5BA80D-E784-41DE-A1E2-C7336E476FEE}.Debug|Any CPU.Build.0 = Debug|Any CPU
		{8C5BA80D-E784-41DE-A1E2-C7336E476FEE}.Release|Any CPU.ActiveCfg = Release|Any CPU
		{8C5BA80D-E784-41DE-A1E2-C7336E476FEE}.Release|Any CPU.Build.0 = Release|Any CPU
		{9B3EEE7E-4AB5-4B9A-934C-EED28DFFF6A9}.Debug|Any CPU.ActiveCfg = Debug|Any CPU
		{9B3EEE7E-4AB5-4B9A-934C-EED28DFFF6A9}.Debug|Any CPU.Build.0 = Debug|Any CPU
		{9B3EEE7E-4AB5-4B9A-934C-EED28DFFF6A9}.Release|Any CPU.ActiveCfg = Release|Any CPU
		{9B3EEE7E-4AB5-4B9A-934C-EED28DFFF6A9}.Release|Any CPU.Build.0 = Release|Any CPU
		{B93118D4-4D2D-4404-879A-55B0447A9BE4}.Debug|Any CPU.ActiveCfg = Debug|Any CPU
		{B93118D4-4D2D-4404-879A-55B0447A9BE4}.Debug|Any CPU.Build.0 = Debug|Any CPU
		{B93118D4-4D2D-4404-879A-55B0447A9BE4}.Release|Any CPU.ActiveCfg = Release|Any CPU
		{B93118D4-4D2D-4404-879A-55B0447A9BE4}.Release|Any CPU.Build.0 = Release|Any CPU
	EndGlobalSection
	GlobalSection(SolutionProperties) = preSolution
		HideSolutionNode = FALSE
	EndGlobalSection
	GlobalSection(NestedProjects) = preSolution
		{8C5BA80D-E784-41DE-A1E2-C7336E476FEE} = {9D1A7881-00F2-4FFD-9233-441BB8AC98E4}
		{9B3EEE7E-4AB5-4B9A-934C-EED28DFFF6A9} = {9D1A7881-00F2-4FFD-9233-441BB8AC98E4}
		{B93118D4-4D2D-4404-879A-55B0447A9BE4} = {9D1A7881-00F2-4FFD-9233-441BB8AC98E4}
	EndGlobalSection
	GlobalSection(ExtensibilityGlobals) = postSolution
		SolutionGuid = {826E4B25-0A5B-4AFF-A966-DFC95EBF5442}
	EndGlobalSection
EndGlobal
